// !$*UTF8*$!
{
	archiveVersion = 1;
	classes = {
	};
	objectVersion = 77;
	objects = {

/* Begin PBXBuildFile section */
		0E164FBE2EAD288E0026FE5A /* Supabase in Frameworks */ = {isa = PBXBuildFile; productRef = 0E164FBD2EAD288E0026FE5A /* Supabase */; };
		0E164FC32EAD3EBA0026FE5A /* GoogleSignIn in Frameworks */ = {isa = PBXBuildFile; productRef = 0E164FC22EAD3EBA0026FE5A /* GoogleSignIn */; };
		0E164FC52EAD3EBA0026FE5A /* GoogleSignInSwift in Frameworks */ = {isa = PBXBuildFile; productRef = 0E164FC42EAD3EBA0026FE5A /* GoogleSignInSwift */; };
		0E7BA8692ED67769005386EC /* RealmSwift in Frameworks */ = {isa = PBXBuildFile; productRef = 0E7BA8682ED67769005386EC /* RealmSwift */; };
		0E7BA86C2ED678C4005386EC /* RealmSwift in Embed Frameworks */ = {isa = PBXBuildFile; productRef = 0E7BA8682ED67769005386EC /* RealmSwift */; settings = {ATTRIBUTES = (CodeSignOnCopy, ); }; };
		0EF8F1F02EAAB4BA00082F19 /* Auth in Frameworks */ = {isa = PBXBuildFile; productRef = 0EF8F1EF2EAAB4BA00082F19 /* Auth */; };
		0EF8F1F22EAAB4BA00082F19 /* Functions in Frameworks */ = {isa = PBXBuildFile; productRef = 0EF8F1F12EAAB4BA00082F19 /* Functions */; };
		0EF8F1F42EAAB4BA00082F19 /* PostgREST in Frameworks */ = {isa = PBXBuildFile; productRef = 0EF8F1F32EAAB4BA00082F19 /* PostgREST */; };
		0EF8F1F62EAAB4BA00082F19 /* Realtime in Frameworks */ = {isa = PBXBuildFile; productRef = 0EF8F1F52EAAB4BA00082F19 /* Realtime */; };
		0EF8F1F82EAAB4BA00082F19 /* Storage in Frameworks */ = {isa = PBXBuildFile; productRef = 0EF8F1F72EAAB4BA00082F19 /* Storage */; };
/* End PBXBuildFile section */

/* Begin PBXCopyFilesBuildPhase section */
		0E7BA86B2ED678C0005386EC /* Embed Frameworks */ = {
			isa = PBXCopyFilesBuildPhase;
			buildActionMask = 2147483647;
			dstPath = "";
			dstSubfolderSpec = 10;
			files = (
				0E7BA86C2ED678C4005386EC /* RealmSwift in Embed Frameworks */,
			);
			name = "Embed Frameworks";
			runOnlyForDeploymentPostprocessing = 0;
		};
/* End PBXCopyFilesBuildPhase section */

/* Begin PBXFileReference section */
		0ED3F6962D4EA99C004D1651 /* FlashGen.app */ = {isa = PBXFileReference; explicitFileType = wrapper.application; includeInIndex = 0; path = FlashGen.app; sourceTree = BUILT_PRODUCTS_DIR; };
/* End PBXFileReference section */

/* Begin PBXFileSystemSynchronizedBuildFileExceptionSet section */
		0E164FC72EAD3FBC0026FE5A /* Exceptions for "FlashGen" folder in "FlashGen" target */ = {
			isa = PBXFileSystemSynchronizedBuildFileExceptionSet;
			membershipExceptions = (
				Info.plist,
			);
			target = 0ED3F6952D4EA99C004D1651 /* FlashGen */;
		};
/* End PBXFileSystemSynchronizedBuildFileExceptionSet section */

/* Begin PBXFileSystemSynchronizedRootGroup section */
		0ED3F6982D4EA99C004D1651 /* FlashGen */ = {
			isa = PBXFileSystemSynchronizedRootGroup;
			exceptions = (
				0E164FC72EAD3FBC0026FE5A /* Exceptions for "FlashGen" folder in "FlashGen" target */,
			);
			path = FlashGen;
			sourceTree = "<group>";
		};
/* End PBXFileSystemSynchronizedRootGroup section */

/* Begin PBXFrameworksBuildPhase section */
		0ED3F6932D4EA99C004D1651 /* Frameworks */ = {
			isa = PBXFrameworksBuildPhase;
			buildActionMask = 2147483647;
			files = (
				0EF8F1F42EAAB4BA00082F19 /* PostgREST in Frameworks */,
				0EF8F1F22EAAB4BA00082F19 /* Functions in Frameworks */,
				0E164FBE2EAD288E0026FE5A /* Supabase in Frameworks */,
				0E164FC52EAD3EBA0026FE5A /* GoogleSignInSwift in Frameworks */,
				0EF8F1F02EAAB4BA00082F19 /* Auth in Frameworks */,
				0EF8F1F82EAAB4BA00082F19 /* Storage in Frameworks */,
				0EF8F1F62EAAB4BA00082F19 /* Realtime in Frameworks */,
				0E7BA8692ED67769005386EC /* RealmSwift in Frameworks */,
				0E164FC32EAD3EBA0026FE5A /* GoogleSignIn in Frameworks */,
			);
			runOnlyForDeploymentPostprocessing = 0;
		};
/* End PBXFrameworksBuildPhase section */

/* Begin PBXGroup section */
		0E164FBC2EAD288E0026FE5A /* Frameworks */ = {
			isa = PBXGroup;
			children = (
			);
			name = Frameworks;
			sourceTree = "<group>";
		};
		0ED3F68D2D4EA99C004D1651 = {
			isa = PBXGroup;
			children = (
				0ED3F6982D4EA99C004D1651 /* FlashGen */,
				0E164FBC2EAD288E0026FE5A /* Frameworks */,
				0ED3F6972D4EA99C004D1651 /* Products */,
			);
			sourceTree = "<group>";
		};
		0ED3F6972D4EA99C004D1651 /* Products */ = {
			isa = PBXGroup;
			children = (
				0ED3F6962D4EA99C004D1651 /* FlashGen.app */,
			);
			name = Products;
			sourceTree = "<group>";
		};
/* End PBXGroup section */

/* Begin PBXNativeTarget section */
		0ED3F6952D4EA99C004D1651 /* FlashGen */ = {
			isa = PBXNativeTarget;
			buildConfigurationList = 0ED3F6A92D4EA99E004D1651 /* Build configuration list for PBXNativeTarget "FlashGen" */;
			buildPhases = (
				0ED3F6922D4EA99C004D1651 /* Sources */,
				0ED3F6932D4EA99C004D1651 /* Frameworks */,
				0ED3F6942D4EA99C004D1651 /* Resources */,
				0E7BA86B2ED678C0005386EC /* Embed Frameworks */,
			);
			buildRules = (
			);
			dependencies = (
			);
			fileSystemSynchronizedGroups = (
				0ED3F6982D4EA99C004D1651 /* FlashGen */,
			);
			name = FlashGen;
			packageProductDependencies = (
				0EF8F1EF2EAAB4BA00082F19 /* Auth */,
				0EF8F1F12EAAB4BA00082F19 /* Functions */,
				0EF8F1F32EAAB4BA00082F19 /* PostgREST */,
				0EF8F1F52EAAB4BA00082F19 /* Realtime */,
				0EF8F1F72EAAB4BA00082F19 /* Storage */,
				0E164FBD2EAD288E0026FE5A /* Supabase */,
				0E164FC22EAD3EBA0026FE5A /* GoogleSignIn */,
				0E164FC42EAD3EBA0026FE5A /* GoogleSignInSwift */,
				0E7BA8682ED67769005386EC /* RealmSwift */,
			);
			productName = FlashGen;
			productReference = 0ED3F6962D4EA99C004D1651 /* FlashGen.app */;
			productType = "com.apple.product-type.application";
		};
/* End PBXNativeTarget section */

/* Begin PBXProject section */
		0ED3F68E2D4EA99C004D1651 /* Project object */ = {
			isa = PBXProject;
			attributes = {
				BuildIndependentTargetsInParallel = 1;
				LastSwiftUpdateCheck = 1600;
				LastUpgradeCheck = 1600;
				TargetAttributes = {
					0ED3F6952D4EA99C004D1651 = {
						CreatedOnToolsVersion = 16.0;
					};
				};
			};
			buildConfigurationList = 0ED3F6912D4EA99C004D1651 /* Build configuration list for PBXProject "FlashGen" */;
			developmentRegion = en;
			hasScannedForEncodings = 0;
			knownRegions = (
				en,
				Base,
				es,
				de,
				"pt-BR",
				hi,
				"zh-Hans",
				kn,
			);
			mainGroup = 0ED3F68D2D4EA99C004D1651;
			minimizedProjectReferenceProxies = 1;
			packageReferences = (
				0EF8F1EE2EAAB4BA00082F19 /* XCRemoteSwiftPackageReference "supabase-swift" */,
				0E164FC12EAD3EBA0026FE5A /* XCRemoteSwiftPackageReference "GoogleSignIn-iOS" */,
				0E7BA8652ED67769005386EC /* XCRemoteSwiftPackageReference "realm-swift" */,
			);
			preferredProjectObjectVersion = 77;
			productRefGroup = 0ED3F6972D4EA99C004D1651 /* Products */;
			projectDirPath = "";
			projectRoot = "";
			targets = (
				0ED3F6952D4EA99C004D1651 /* FlashGen */,
			);
		};
/* End PBXProject section */

/* Begin PBXResourcesBuildPhase section */
		0ED3F6942D4EA99C004D1651 /* Resources */ = {
			isa = PBXResourcesBuildPhase;
			buildActionMask = 2147483647;
			files = (
			);
			runOnlyForDeploymentPostprocessing = 0;
		};
/* End PBXResourcesBuildPhase section */

/* Begin PBXSourcesBuildPhase section */
		0ED3F6922D4EA99C004D1651 /* Sources */ = {
			isa = PBXSourcesBuildPhase;
			buildActionMask = 2147483647;
			files = (
			);
			runOnlyForDeploymentPostprocessing = 0;
		};
/* End PBXSourcesBuildPhase section */

/* Begin XCBuildConfiguration section */
		0ED3F6A72D4EA99E004D1651 /* Debug */ = {
			isa = XCBuildConfiguration;
			buildSettings = {
				ALWAYS_SEARCH_USER_PATHS = NO;
				ASSETCATALOG_COMPILER_GENERATE_SWIFT_ASSET_SYMBOL_EXTENSIONS = YES;
				CLANG_ANALYZER_NONNULL = YES;
				CLANG_ANALYZER_NUMBER_OBJECT_CONVERSION = YES_AGGRESSIVE;
				CLANG_CXX_LANGUAGE_STANDARD = "gnu++20";
				CLANG_ENABLE_MODULES = YES;
				CLANG_ENABLE_OBJC_ARC = YES;
				CLANG_ENABLE_OBJC_WEAK = YES;
				CLANG_WARN_BLOCK_CAPTURE_AUTORELEASING = YES;
				CLANG_WARN_BOOL_CONVERSION = YES;
				CLANG_WARN_COMMA = YES;
				CLANG_WARN_CONSTANT_CONVERSION = YES;
				CLANG_WARN_DEPRECATED_OBJC_IMPLEMENTATIONS = YES;
				CLANG_WARN_DIRECT_OBJC_ISA_USAGE = YES_ERROR;
				CLANG_WARN_DOCUMENTATION_COMMENTS = YES;
				CLANG_WARN_EMPTY_BODY = YES;
				CLANG_WARN_ENUM_CONVERSION = YES;
				CLANG_WARN_INFINITE_RECURSION = YES;
				CLANG_WARN_INT_CONVERSION = YES;
				CLANG_WARN_NON_LITERAL_NULL_CONVERSION = YES;
				CLANG_WARN_OBJC_IMPLICIT_RETAIN_SELF = YES;
				CLANG_WARN_OBJC_LITERAL_CONVERSION = YES;
				CLANG_WARN_OBJC_ROOT_CLASS = YES_ERROR;
				CLANG_WARN_QUOTED_INCLUDE_IN_FRAMEWORK_HEADER = YES;
				CLANG_WARN_RANGE_LOOP_ANALYSIS = YES;
				CLANG_WARN_STRICT_PROTOTYPES = YES;
				CLANG_WARN_SUSPICIOUS_MOVE = YES;
				CLANG_WARN_UNGUARDED_AVAILABILITY = YES_AGGRESSIVE;
				CLANG_WARN_UNREACHABLE_CODE = YES;
				CLANG_WARN__DUPLICATE_METHOD_MATCH = YES;
				COPY_PHASE_STRIP = NO;
				DEBUG_INFORMATION_FORMAT = dwarf;
				ENABLE_STRICT_OBJC_MSGSEND = YES;
				ENABLE_TESTABILITY = YES;
				ENABLE_USER_SCRIPT_SANDBOXING = YES;
				GCC_C_LANGUAGE_STANDARD = gnu17;
				GCC_DYNAMIC_NO_PIC = NO;
				GCC_NO_COMMON_BLOCKS = YES;
				GCC_OPTIMIZATION_LEVEL = 0;
				GCC_PREPROCESSOR_DEFINITIONS = (
					"DEBUG=1",
					"$(inherited)",
				);
				GCC_WARN_64_TO_32_BIT_CONVERSION = YES;
				GCC_WARN_ABOUT_RETURN_TYPE = YES_ERROR;
				GCC_WARN_UNDECLARED_SELECTOR = YES;
				GCC_WARN_UNINITIALIZED_AUTOS = YES_AGGRESSIVE;
				GCC_WARN_UNUSED_FUNCTION = YES;
				GCC_WARN_UNUSED_VARIABLE = YES;
				IPHONEOS_DEPLOYMENT_TARGET = 18.0;
				LOCALIZATION_PREFERS_STRING_CATALOGS = YES;
				MTL_ENABLE_DEBUG_INFO = INCLUDE_SOURCE;
				MTL_FAST_MATH = YES;
				ONLY_ACTIVE_ARCH = YES;
				SDKROOT = iphoneos;
				SWIFT_ACTIVE_COMPILATION_CONDITIONS = "DEBUG $(inherited)";
				SWIFT_OPTIMIZATION_LEVEL = "-Onone";
			};
			name = Debug;
		};
		0ED3F6A82D4EA99E004D1651 /* Release */ = {
			isa = XCBuildConfiguration;
			buildSettings = {
				ALWAYS_SEARCH_USER_PATHS = NO;
				ASSETCATALOG_COMPILER_GENERATE_SWIFT_ASSET_SYMBOL_EXTENSIONS = YES;
				CLANG_ANALYZER_NONNULL = YES;
				CLANG_ANALYZER_NUMBER_OBJECT_CONVERSION = YES_AGGRESSIVE;
				CLANG_CXX_LANGUAGE_STANDARD = "gnu++20";
				CLANG_ENABLE_MODULES = YES;
				CLANG_ENABLE_OBJC_ARC = YES;
				CLANG_ENABLE_OBJC_WEAK = YES;
				CLANG_WARN_BLOCK_CAPTURE_AUTORELEASING = YES;
				CLANG_WARN_BOOL_CONVERSION = YES;
				CLANG_WARN_COMMA = YES;
				CLANG_WARN_CONSTANT_CONVERSION = YES;
				CLANG_WARN_DEPRECATED_OBJC_IMPLEMENTATIONS = YES;
				CLANG_WARN_DIRECT_OBJC_ISA_USAGE = YES_ERROR;
				CLANG_WARN_DOCUMENTATION_COMMENTS = YES;
				CLANG_WARN_EMPTY_BODY = YES;
				CLANG_WARN_ENUM_CONVERSION = YES;
				CLANG_WARN_INFINITE_RECURSION = YES;
				CLANG_WARN_INT_CONVERSION = YES;
				CLANG_WARN_NON_LITERAL_NULL_CONVERSION = YES;
				CLANG_WARN_OBJC_IMPLICIT_RETAIN_SELF = YES;
				CLANG_WARN_OBJC_LITERAL_CONVERSION = YES;
				CLANG_WARN_OBJC_ROOT_CLASS = YES_ERROR;
				CLANG_WARN_QUOTED_INCLUDE_IN_FRAMEWORK_HEADER = YES;
				CLANG_WARN_RANGE_LOOP_ANALYSIS = YES;
				CLANG_WARN_STRICT_PROTOTYPES = YES;
				CLANG_WARN_SUSPICIOUS_MOVE = YES;
				CLANG_WARN_UNGUARDED_AVAILABILITY = YES_AGGRESSIVE;
				CLANG_WARN_UNREACHABLE_CODE = YES;
				CLANG_WARN__DUPLICATE_METHOD_MATCH = YES;
				COPY_PHASE_STRIP = NO;
				DEBUG_INFORMATION_FORMAT = "dwarf-with-dsym";
				ENABLE_NS_ASSERTIONS = NO;
				ENABLE_STRICT_OBJC_MSGSEND = YES;
				ENABLE_USER_SCRIPT_SANDBOXING = YES;
				GCC_C_LANGUAGE_STANDARD = gnu17;
				GCC_NO_COMMON_BLOCKS = YES;
				GCC_WARN_64_TO_32_BIT_CONVERSION = YES;
				GCC_WARN_ABOUT_RETURN_TYPE = YES_ERROR;
				GCC_WARN_UNDECLARED_SELECTOR = YES;
				GCC_WARN_UNINITIALIZED_AUTOS = YES_AGGRESSIVE;
				GCC_WARN_UNUSED_FUNCTION = YES;
				GCC_WARN_UNUSED_VARIABLE = YES;
				IPHONEOS_DEPLOYMENT_TARGET = 18.0;
				LOCALIZATION_PREFERS_STRING_CATALOGS = YES;
				MTL_ENABLE_DEBUG_INFO = NO;
				MTL_FAST_MATH = YES;
				SDKROOT = iphoneos;
				SWIFT_COMPILATION_MODE = wholemodule;
				VALIDATE_PRODUCT = YES;
			};
			name = Release;
		};
		0ED3F6AA2D4EA99E004D1651 /* Debug */ = {
			isa = XCBuildConfiguration;
			buildSettings = {
				ASSETCATALOG_COMPILER_APPICON_NAME = AppIcon;
				ASSETCATALOG_COMPILER_GLOBAL_ACCENT_COLOR_NAME = AccentColor;
				CODE_SIGN_ENTITLEMENTS = FlashGen/FlashGen.entitlements;
				CODE_SIGN_STYLE = Automatic;
				CURRENT_PROJECT_VERSION = 5;
				DEVELOPMENT_ASSET_PATHS = "\"FlashGen/Resources/Preview Content\"";
				DEVELOPMENT_TEAM = M6VU7GY8T2;
				ENABLE_PREVIEWS = YES;
				GENERATE_INFOPLIST_FILE = YES;
				INFOPLIST_FILE = FlashGen/Info.plist;
				INFOPLIST_KEY_CFBundleDisplayName = Flashgen;
				INFOPLIST_KEY_LSApplicationCategoryType = "public.app-category.education";
				INFOPLIST_KEY_UIApplicationSceneManifest_Generation = YES;
				INFOPLIST_KEY_UIApplicationSupportsIndirectInputEvents = YES;
				INFOPLIST_KEY_UILaunchScreen_Generation = YES;
				INFOPLIST_KEY_UISupportedInterfaceOrientations_iPad = "UIInterfaceOrientationPortrait UIInterfaceOrientationPortraitUpsideDown UIInterfaceOrientationLandscapeLeft UIInterfaceOrientationLandscapeRight";
				INFOPLIST_KEY_UISupportedInterfaceOrientations_iPhone = "UIInterfaceOrientationPortrait UIInterfaceOrientationLandscapeLeft UIInterfaceOrientationLandscapeRight";
				LD_RUNPATH_SEARCH_PATHS = (
					"$(inherited)",
					"@executable_path/Frameworks",
				);
				MARKETING_VERSION = 1.0;
				PRODUCT_BUNDLE_IDENTIFIER = com.shreyas.FlashGen;
				PRODUCT_NAME = "$(TARGET_NAME)";
				SUPPORTED_PLATFORMS = "iphoneos iphonesimulator";
				SUPPORTS_MACCATALYST = NO;
				SUPPORTS_MAC_DESIGNED_FOR_IPHONE_IPAD = NO;
				SUPPORTS_XR_DESIGNED_FOR_IPHONE_IPAD = NO;
				SWIFT_EMIT_LOC_STRINGS = YES;
				SWIFT_VERSION = 5.0;
				TARGETED_DEVICE_FAMILY = "1,2";
			};
			name = Debug;
		};
		0ED3F6AB2D4EA99E004D1651 /* Release */ = {
			isa = XCBuildConfiguration;
			buildSettings = {
				ASSETCATALOG_COMPILER_APPICON_NAME = AppIcon;
				ASSETCATALOG_COMPILER_GLOBAL_ACCENT_COLOR_NAME = AccentColor;
				CODE_SIGN_ENTITLEMENTS = FlashGen/FlashGen.entitlements;
				CODE_SIGN_STYLE = Automatic;
				CURRENT_PROJECT_VERSION = 5;
				DEVELOPMENT_ASSET_PATHS = "\"FlashGen/Resources/Preview Content\"";
				DEVELOPMENT_TEAM = M6VU7GY8T2;
				ENABLE_PREVIEWS = YES;
				GENERATE_INFOPLIST_FILE = YES;
				INFOPLIST_FILE = FlashGen/Info.plist;
				INFOPLIST_KEY_CFBundleDisplayName = Flashgen;
				INFOPLIST_KEY_LSApplicationCategoryType = "public.app-category.education";
				INFOPLIST_KEY_UIApplicationSceneManifest_Generation = YES;
				INFOPLIST_KEY_UIApplicationSupportsIndirectInputEvents = YES;
				INFOPLIST_KEY_UILaunchScreen_Generation = YES;
				INFOPLIST_KEY_UISupportedInterfaceOrientations_iPad = "UIInterfaceOrientationPortrait UIInterfaceOrientationPortraitUpsideDown UIInterfaceOrientationLandscapeLeft UIInterfaceOrientationLandscapeRight";
				INFOPLIST_KEY_UISupportedInterfaceOrientations_iPhone = "UIInterfaceOrientationPortrait UIInterfaceOrientationLandscapeLeft UIInterfaceOrientationLandscapeRight";
				LD_RUNPATH_SEARCH_PATHS = (
					"$(inherited)",
					"@executable_path/Frameworks",
				);
				MARKETING_VERSION = 1.0;
				PRODUCT_BUNDLE_IDENTIFIER = com.shreyas.FlashGen;
				PRODUCT_NAME = "$(TARGET_NAME)";
				SUPPORTED_PLATFORMS = "iphoneos iphonesimulator";
				SUPPORTS_MACCATALYST = NO;
				SUPPORTS_MAC_DESIGNED_FOR_IPHONE_IPAD = NO;
				SUPPORTS_XR_DESIGNED_FOR_IPHONE_IPAD = NO;
				SWIFT_EMIT_LOC_STRINGS = YES;
				SWIFT_VERSION = 5.0;
				TARGETED_DEVICE_FAMILY = "1,2";
			};
			name = Release;
		};
/* End XCBuildConfiguration section */

/* Begin XCConfigurationList section */
		0ED3F6912D4EA99C004D1651 /* Build configuration list for PBXProject "FlashGen" */ = {
			isa = XCConfigurationList;
			buildConfigurations = (
				0ED3F6A72D4EA99E004D1651 /* Debug */,
				0ED3F6A82D4EA99E004D1651 /* Release */,
			);
			defaultConfigurationIsVisible = 0;
			defaultConfigurationName = Release;
		};
		0ED3F6A92D4EA99E004D1651 /* Build configuration list for PBXNativeTarget "FlashGen" */ = {
			isa = XCConfigurationList;
			buildConfigurations = (
				0ED3F6AA2D4EA99E004D1651 /* Debug */,
				0ED3F6AB2D4EA99E004D1651 /* Release */,
			);
			defaultConfigurationIsVisible = 0;
			defaultConfigurationName = Release;
		};
/* End XCConfigurationList section */

/* Begin XCRemoteSwiftPackageReference section */
		0E164FC12EAD3EBA0026FE5A /* XCRemoteSwiftPackageReference "GoogleSignIn-iOS" */ = {
			isa = XCRemoteSwiftPackageReference;
			repositoryURL = "https://github.com/google/GoogleSignIn-iOS";
			requirement = {
				kind = upToNextMajorVersion;
				minimumVersion = 9.0.0;
			};
		};
		0E7BA8652ED67769005386EC /* XCRemoteSwiftPackageReference "realm-swift" */ = {
			isa = XCRemoteSwiftPackageReference;
			repositoryURL = "https://github.com/realm/realm-swift";
			requirement = {
				branch = master;
				kind = branch;
			};
		};
		0EF8F1EE2EAAB4BA00082F19 /* XCRemoteSwiftPackageReference "supabase-swift" */ = {
			isa = XCRemoteSwiftPackageReference;
			repositoryURL = "https://github.com/supabase/supabase-swift";
			requirement = {
				kind = upToNextMajorVersion;
				minimumVersion = 2.5.1;
			};
		};
/* End XCRemoteSwiftPackageReference section */

/* Begin XCSwiftPackageProductDependency section */
		0E164FBD2EAD288E0026FE5A /* Supabase */ = {
			isa = XCSwiftPackageProductDependency;
			package = 0EF8F1EE2EAAB4BA00082F19 /* XCRemoteSwiftPackageReference "supabase-swift" */;
			productName = Supabase;
		};
		0E164FC22EAD3EBA0026FE5A /* GoogleSignIn */ = {
			isa = XCSwiftPackageProductDependency;
			package = 0E164FC12EAD3EBA0026FE5A /* XCRemoteSwiftPackageReference "GoogleSignIn-iOS" */;
			productName = GoogleSignIn;
		};
		0E164FC42EAD3EBA0026FE5A /* GoogleSignInSwift */ = {
			isa = XCSwiftPackageProductDependency;
			package = 0E164FC12EAD3EBA0026FE5A /* XCRemoteSwiftPackageReference "GoogleSignIn-iOS" */;
			productName = GoogleSignInSwift;
		};
		0E7BA8682ED67769005386EC /* RealmSwift */ = {
			isa = XCSwiftPackageProductDependency;
			package = 0E7BA8652ED67769005386EC /* XCRemoteSwiftPackageReference "realm-swift" */;
			productName = RealmSwift;
		};
		0EF8F1EF2EAAB4BA00082F19 /* Auth */ = {
			isa = XCSwiftPackageProductDependency;
			package = 0EF8F1EE2EAAB4BA00082F19 /* XCRemoteSwiftPackageReference "supabase-swift" */;
			productName = Auth;
		};
		0EF8F1F12EAAB4BA00082F19 /* Functions */ = {
			isa = XCSwiftPackageProductDependency;
			package = 0EF8F1EE2EAAB4BA00082F19 /* XCRemoteSwiftPackageReference "supabase-swift" */;
			productName = Functions;
		};
		0EF8F1F32EAAB4BA00082F19 /* PostgREST */ = {
			isa = XCSwiftPackageProductDependency;
			package = 0EF8F1EE2EAAB4BA00082F19 /* XCRemoteSwiftPackageReference "supabase-swift" */;
			productName = PostgREST;
		};
		0EF8F1F52EAAB4BA00082F19 /* Realtime */ = {
			isa = XCSwiftPackageProductDependency;
			package = 0EF8F1EE2EAAB4BA00082F19 /* XCRemoteSwiftPackageReference "supabase-swift" */;
			productName = Realtime;
		};
		0EF8F1F72EAAB4BA00082F19 /* Storage */ = {
			isa = XCSwiftPackageProductDependency;
			package = 0EF8F1EE2EAAB4BA00082F19 /* XCRemoteSwiftPackageReference "supabase-swift" */;
			productName = Storage;
		};
/* End XCSwiftPackageProductDependency section */
	};
	rootObject = 0ED3F68E2D4EA99C004D1651 /* Project object */;
}
